
Microsoft Visual Studio Solution File, Format Version 12.00
# Visual Studio 15
VisualStudioVersion = 15.0.28010.2050
MinimumVisualStudioVersion = 10.0.40219.1
Project("{FAE04EC0-301F-11D3-BF4B-00C04F79EFBC}") = "DebugDemo", "DebugDemo\DebugDemo.csproj", "{DD8EEA70-5531-42A6-B2D8-B8DB827DA618}"
EndProject
Project("{FAE04EC0-301F-11D3-BF4B-00C04F79EFBC}") = "Variabeldemo", "Variabeldemo\Variabeldemo.csproj", "{1EC3663A-9ECD-4FAB-BE51-F650E75B7EBF}"
EndProject
Project("{FAE04EC0-301F-11D3-BF4B-00C04F79EFBC}") = "TalOpgave", "TalOpgave\TalOpgave.csproj", "{098FB592-C59A-4D70-A59B-9F54D3E7BFF0}"
EndProject
Project("{FAE04EC0-301F-11D3-BF4B-00C04F79EFBC}") = "DatoTidOpgave", "DatoTidOpgave\DatoTidOpgave.csproj", "{6C09023E-AF6A-478A-9DB7-89E4FBB5095B}"
EndProject
Project("{FAE04EC0-301F-11D3-BF4B-00C04F79EFBC}") = "TekstOpgave", "TekstOpgave\TekstOpgave.csproj", "{0307F577-01DB-4E97-8305-498A8D523722}"
EndProject
Project("{FAE04EC0-301F-11D3-BF4B-00C04F79EFBC}") = "StructEnumOpgave", "StructEnumOpgave\StructEnumOpgave.csproj", "{E3C2FE00-7CE8-4D9E-8377-B14E6D0D51DF}"
EndProject
Project("{FAE04EC0-301F-11D3-BF4B-00C04F79EFBC}") = "ForIfOpgave", "ForIfOpgave\ForIfOpgave.csproj", "{CE6E5DD4-93B8-4298-9BEF-77E7316187CD}"
EndProject
Project("{FAE04EC0-301F-11D3-BF4B-00C04F79EFBC}") = "BreakContinueOpgave", "BreakContinueOpgave\BreakContinueOpgave.csproj", "{F37BC823-D83E-4BD5-A413-7EE89AC36D6F}"
EndProject
Project("{FAE04EC0-301F-11D3-BF4B-00C04F79EFBC}") = "MetodeSimpleOpgave", "MetodeSimpleOpgave\MetodeSimpleOpgave.csproj", "{AAD5B1B3-B84D-4B11-84CF-409AD00357AB}"
EndProject
Project("{FAE04EC0-301F-11D3-BF4B-00C04F79EFBC}") = "MetodeOverloadOpgave", "MetodeOverloadOpgave\MetodeOverloadOpgave.csproj", "{75EF0F0E-5AAF-4AFD-814E-5DFF8B909796}"
EndProject
Project("{FAE04EC0-301F-11D3-BF4B-00C04F79EFBC}") = "MetodeRekursiv", "MetodeRekursiv\MetodeRekursiv.csproj", "{A98A75D5-C8B7-4EB7-A90D-95FAA2712ABA}"
EndProject
Project("{FAE04EC0-301F-11D3-BF4B-00C04F79EFBC}") = "MetodeStatisk", "MetodeStatisk\MetodeStatisk.csproj", "{05F37B42-2014-4A8E-9661-88A948B6D393}"
EndProject
Project("{FAE04EC0-301F-11D3-BF4B-00C04F79EFBC}") = "MetodeNullable", "MetodeNullable\MetodeNullable.csproj", "{F3C7D4EC-02BC-4CF2-A603-B311808F05BC}"
EndProject
Project("{FAE04EC0-301F-11D3-BF4B-00C04F79EFBC}") = "FejlSimpleOpgave", "FejlSimpleOpgave\FejlSimpleOpgave.csproj", "{0CFA69A9-CE41-437E-BD0E-A5DB418E4909}"
EndProject
Project("{FAE04EC0-301F-11D3-BF4B-00C04F79EFBC}") = "FejlEgenException", "FejlEgenException\FejlEgenException.csproj", "{6D1660BF-FF16-4901-B120-14FD9E562464}"
EndProject
Project("{FAE04EC0-301F-11D3-BF4B-00C04F79EFBC}") = "HukommelseStructClass", "HukommelseStructClass\HukommelseStructClass.csproj", "{1E8AC27A-A2FD-4834-8314-6FAB69323AF1}"
EndProject
Project("{FAE04EC0-301F-11D3-BF4B-00C04F79EFBC}") = "KlasserSimpelOpgave", "KlasserSimpelOpgave\KlasserSimpelOpgave.csproj", "{C92C9990-2109-46BA-86C9-36197CE86772}"
EndProject
Project("{FAE04EC0-301F-11D3-BF4B-00C04F79EFBC}") = "KlasserTerningOpgave", "KlasserTerningOpgave\KlasserTerningOpgave.csproj", "{E1DE9C71-65D9-409B-A7DB-0AA0F833A5AC}"
EndProject
Project("{FAE04EC0-301F-11D3-BF4B-00C04F79EFBC}") = "EgenskabSimpelOpgave", "EgenskabSimpelOpgave\EgenskabSimpelOpgave.csproj", "{50A10561-78F5-4F7F-80CF-89FE656087F8}"
EndProject
Project("{FAE04EC0-301F-11D3-BF4B-00C04F79EFBC}") = "EgenskabTerningOpgave", "EgenskabTerningOpgave\EgenskabTerningOpgave.csproj", "{10A96112-4229-4D12-A24F-8B6E4EFFDFF6}"
EndProject
Project("{FAE04EC0-301F-11D3-BF4B-00C04F79EFBC}") = "EgenskabAutomatiskOpgave", "EgenskabAutomatiskOpgave\EgenskabAutomatiskOpgave.csproj", "{3DFF063E-F0F3-477D-A08E-DD2CE5D68CEB}"
EndProject
Project("{FAE04EC0-301F-11D3-BF4B-00C04F79EFBC}") = "EgenskabGetterOpgave", "EgenskabGetterOpgave\EgenskabGetterOpgave.csproj", "{08DDAD42-5127-490B-8332-7896ACD168C5}"
EndProject
Project("{FAE04EC0-301F-11D3-BF4B-00C04F79EFBC}") = "ArraysSimpelOpgave", "ArraysSimpelOpgave\ArraysSimpelOpgave.csproj", "{6F71307F-3E95-4F88-A1FA-29526896D92F}"
EndProject
Project("{FAE04EC0-301F-11D3-BF4B-00C04F79EFBC}") = "ArraysSplitOpgave", "ArraysSplitOpgave\ArraysSplitOpgave.csproj", "{A6F75082-04B3-4CCC-9F83-059FE437F58D}"
EndProject
Project("{FAE04EC0-301F-11D3-BF4B-00C04F79EFBC}") = "SamlingerSimpelOpgave", "SamlingerSimpelOpgave\SamlingerSimpelOpgave.csproj", "{AA48297E-C1FB-4AF6-A2F0-83CA74776BE9}"
EndProject
Project("{FAE04EC0-301F-11D3-BF4B-00C04F79EFBC}") = "ArvSimpelOpgave", "ArvSimpelOpgave\ArvSimpelOpgave.csproj", "{31D2A85B-6EC1-467B-9A2E-9E7272F7CE28}"
EndProject
Project("{FAE04EC0-301F-11D3-BF4B-00C04F79EFBC}") = "ArvRandomUdvidOpgave", "ArvRandomUdvidOpgave\ArvRandomUdvidOpgave.csproj", "{C8C031C0-2ADC-4436-8296-8E9A529F44EC}"
EndProject
Project("{FAE04EC0-301F-11D3-BF4B-00C04F79EFBC}") = "ArvTerningSimpelOpgave", "ArvTerningSimpelOpgave\ArvTerningSimpelOpgave.csproj", "{1D10B0E4-3C4B-4F31-8428-68A9BD0FC018}"
EndProject
Project("{FAE04EC0-301F-11D3-BF4B-00C04F79EFBC}") = "InterfaceCompareOpgave", "InterfaceCompareOpgave\InterfaceCompareOpgave.csproj", "{252450D5-192D-4CFD-8986-1056021E7039}"
EndProject
Project("{FAE04EC0-301F-11D3-BF4B-00C04F79EFBC}") = "InterfaceEgetOpgave", "InterfaceEgetOpgave\InterfaceEgetOpgave.csproj", "{AA0A0402-255B-4C5A-9E47-AE23A4ABB95D}"
EndProject
Project("{FAE04EC0-301F-11D3-BF4B-00C04F79EFBC}") = "DelegatesHeltSimpelOpgave", "DelegatesHeltSimpelOpgave\DelegatesHeltSimpelOpgave.csproj", "{31C01B9C-F257-4271-9109-BD9B3EDB315E}"
EndProject
Project("{FAE04EC0-301F-11D3-BF4B-00C04F79EFBC}") = "DelegatesLambdaOpgave", "DelegatesLambdaOpgave\DelegatesLambdaOpgave.csproj", "{9952AC73-273B-44B1-8BA1-16EC70C0C41C}"
EndProject
Project("{FAE04EC0-301F-11D3-BF4B-00C04F79EFBC}") = "EventsFileWatcherOpgave", "EventsFileWatcherOpgave\EventsFileWatcherOpgave.csproj", "{4E099C62-9481-4C80-A3D7-521B353C38A2}"
EndProject
Project("{FAE04EC0-301F-11D3-BF4B-00C04F79EFBC}") = "LinqPersonOpgaver", "LinqPersonOpgaver\LinqPersonOpgaver.csproj", "{52B2BCD1-724F-42BC-BCF9-A34BFA98CB1E}"
EndProject
Global
	GlobalSection(SolutionConfigurationPlatforms) = preSolution
		Debug|Any CPU = Debug|Any CPU
		Release|Any CPU = Release|Any CPU
	EndGlobalSection
	GlobalSection(ProjectConfigurationPlatforms) = postSolution
		{DD8EEA70-5531-42A6-B2D8-B8DB827DA618}.Debug|Any CPU.ActiveCfg = Debug|Any CPU
		{DD8EEA70-5531-42A6-B2D8-B8DB827DA618}.Debug|Any CPU.Build.0 = Debug|Any CPU
		{DD8EEA70-5531-42A6-B2D8-B8DB827DA618}.Release|Any CPU.ActiveCfg = Release|Any CPU
		{DD8EEA70-5531-42A6-B2D8-B8DB827DA618}.Release|Any CPU.Build.0 = Release|Any CPU
		{1EC3663A-9ECD-4FAB-BE51-F650E75B7EBF}.Debug|Any CPU.ActiveCfg = Debug|Any CPU
		{1EC3663A-9ECD-4FAB-BE51-F650E75B7EBF}.Debug|Any CPU.Build.0 = Debug|Any CPU
		{1EC3663A-9ECD-4FAB-BE51-F650E75B7EBF}.Release|Any CPU.ActiveCfg = Release|Any CPU
		{1EC3663A-9ECD-4FAB-BE51-F650E75B7EBF}.Release|Any CPU.Build.0 = Release|Any CPU
		{098FB592-C59A-4D70-A59B-9F54D3E7BFF0}.Debug|Any CPU.ActiveCfg = Debug|Any CPU
		{098FB592-C59A-4D70-A59B-9F54D3E7BFF0}.Debug|Any CPU.Build.0 = Debug|Any CPU
		{098FB592-C59A-4D70-A59B-9F54D3E7BFF0}.Release|Any CPU.ActiveCfg = Release|Any CPU
		{098FB592-C59A-4D70-A59B-9F54D3E7BFF0}.Release|Any CPU.Build.0 = Release|Any CPU
		{6C09023E-AF6A-478A-9DB7-89E4FBB5095B}.Debug|Any CPU.ActiveCfg = Debug|Any CPU
		{6C09023E-AF6A-478A-9DB7-89E4FBB5095B}.Debug|Any CPU.Build.0 = Debug|Any CPU
		{6C09023E-AF6A-478A-9DB7-89E4FBB5095B}.Release|Any CPU.ActiveCfg = Release|Any CPU
		{6C09023E-AF6A-478A-9DB7-89E4FBB5095B}.Release|Any CPU.Build.0 = Release|Any CPU
		{0307F577-01DB-4E97-8305-498A8D523722}.Debug|Any CPU.ActiveCfg = Debug|Any CPU
		{0307F577-01DB-4E97-8305-498A8D523722}.Debug|Any CPU.Build.0 = Debug|Any CPU
		{0307F577-01DB-4E97-8305-498A8D523722}.Release|Any CPU.ActiveCfg = Release|Any CPU
		{0307F577-01DB-4E97-8305-498A8D523722}.Release|Any CPU.Build.0 = Release|Any CPU
		{E3C2FE00-7CE8-4D9E-8377-B14E6D0D51DF}.Debug|Any CPU.ActiveCfg = Debug|Any CPU
		{E3C2FE00-7CE8-4D9E-8377-B14E6D0D51DF}.Debug|Any CPU.Build.0 = Debug|Any CPU
		{E3C2FE00-7CE8-4D9E-8377-B14E6D0D51DF}.Release|Any CPU.ActiveCfg = Release|Any CPU
		{E3C2FE00-7CE8-4D9E-8377-B14E6D0D51DF}.Release|Any CPU.Build.0 = Release|Any CPU
		{CE6E5DD4-93B8-4298-9BEF-77E7316187CD}.Debug|Any CPU.ActiveCfg = Debug|Any CPU
		{CE6E5DD4-93B8-4298-9BEF-77E7316187CD}.Debug|Any CPU.Build.0 = Debug|Any CPU
		{CE6E5DD4-93B8-4298-9BEF-77E7316187CD}.Release|Any CPU.ActiveCfg = Release|Any CPU
		{CE6E5DD4-93B8-4298-9BEF-77E7316187CD}.Release|Any CPU.Build.0 = Release|Any CPU
		{F37BC823-D83E-4BD5-A413-7EE89AC36D6F}.Debug|Any CPU.ActiveCfg = Debug|Any CPU
		{F37BC823-D83E-4BD5-A413-7EE89AC36D6F}.Debug|Any CPU.Build.0 = Debug|Any CPU
		{F37BC823-D83E-4BD5-A413-7EE89AC36D6F}.Release|Any CPU.ActiveCfg = Release|Any CPU
		{F37BC823-D83E-4BD5-A413-7EE89AC36D6F}.Release|Any CPU.Build.0 = Release|Any CPU
		{AAD5B1B3-B84D-4B11-84CF-409AD00357AB}.Debug|Any CPU.ActiveCfg = Debug|Any CPU
		{AAD5B1B3-B84D-4B11-84CF-409AD00357AB}.Debug|Any CPU.Build.0 = Debug|Any CPU
		{AAD5B1B3-B84D-4B11-84CF-409AD00357AB}.Release|Any CPU.ActiveCfg = Release|Any CPU
		{AAD5B1B3-B84D-4B11-84CF-409AD00357AB}.Release|Any CPU.Build.0 = Release|Any CPU
		{75EF0F0E-5AAF-4AFD-814E-5DFF8B909796}.Debug|Any CPU.ActiveCfg = Debug|Any CPU
		{75EF0F0E-5AAF-4AFD-814E-5DFF8B909796}.Debug|Any CPU.Build.0 = Debug|Any CPU
		{75EF0F0E-5AAF-4AFD-814E-5DFF8B909796}.Release|Any CPU.ActiveCfg = Release|Any CPU
		{75EF0F0E-5AAF-4AFD-814E-5DFF8B909796}.Release|Any CPU.Build.0 = Release|Any CPU
		{A98A75D5-C8B7-4EB7-A90D-95FAA2712ABA}.Debug|Any CPU.ActiveCfg = Debug|Any CPU
		{A98A75D5-C8B7-4EB7-A90D-95FAA2712ABA}.Debug|Any CPU.Build.0 = Debug|Any CPU
		{A98A75D5-C8B7-4EB7-A90D-95FAA2712ABA}.Release|Any CPU.ActiveCfg = Release|Any CPU
		{A98A75D5-C8B7-4EB7-A90D-95FAA2712ABA}.Release|Any CPU.Build.0 = Release|Any CPU
		{05F37B42-2014-4A8E-9661-88A948B6D393}.Debug|Any CPU.ActiveCfg = Debug|Any CPU
		{05F37B42-2014-4A8E-9661-88A948B6D393}.Debug|Any CPU.Build.0 = Debug|Any CPU
		{05F37B42-2014-4A8E-9661-88A948B6D393}.Release|Any CPU.ActiveCfg = Release|Any CPU
		{05F37B42-2014-4A8E-9661-88A948B6D393}.Release|Any CPU.Build.0 = Release|Any CPU
		{F3C7D4EC-02BC-4CF2-A603-B311808F05BC}.Debug|Any CPU.ActiveCfg = Debug|Any CPU
		{F3C7D4EC-02BC-4CF2-A603-B311808F05BC}.Debug|Any CPU.Build.0 = Debug|Any CPU
		{F3C7D4EC-02BC-4CF2-A603-B311808F05BC}.Release|Any CPU.ActiveCfg = Release|Any CPU
		{F3C7D4EC-02BC-4CF2-A603-B311808F05BC}.Release|Any CPU.Build.0 = Release|Any CPU
		{0CFA69A9-CE41-437E-BD0E-A5DB418E4909}.Debug|Any CPU.ActiveCfg = Debug|Any CPU
		{0CFA69A9-CE41-437E-BD0E-A5DB418E4909}.Debug|Any CPU.Build.0 = Debug|Any CPU
		{0CFA69A9-CE41-437E-BD0E-A5DB418E4909}.Release|Any CPU.ActiveCfg = Release|Any CPU
		{0CFA69A9-CE41-437E-BD0E-A5DB418E4909}.Release|Any CPU.Build.0 = Release|Any CPU
		{6D1660BF-FF16-4901-B120-14FD9E562464}.Debug|Any CPU.ActiveCfg = Debug|Any CPU
		{6D1660BF-FF16-4901-B120-14FD9E562464}.Debug|Any CPU.Build.0 = Debug|Any CPU
		{6D1660BF-FF16-4901-B120-14FD9E562464}.Release|Any CPU.ActiveCfg = Release|Any CPU
		{6D1660BF-FF16-4901-B120-14FD9E562464}.Release|Any CPU.Build.0 = Release|Any CPU
		{1E8AC27A-A2FD-4834-8314-6FAB69323AF1}.Debug|Any CPU.ActiveCfg = Debug|Any CPU
		{1E8AC27A-A2FD-4834-8314-6FAB69323AF1}.Debug|Any CPU.Build.0 = Debug|Any CPU
		{1E8AC27A-A2FD-4834-8314-6FAB69323AF1}.Release|Any CPU.ActiveCfg = Release|Any CPU
		{1E8AC27A-A2FD-4834-8314-6FAB69323AF1}.Release|Any CPU.Build.0 = Release|Any CPU
		{C92C9990-2109-46BA-86C9-36197CE86772}.Debug|Any CPU.ActiveCfg = Debug|Any CPU
		{C92C9990-2109-46BA-86C9-36197CE86772}.Debug|Any CPU.Build.0 = Debug|Any CPU
		{C92C9990-2109-46BA-86C9-36197CE86772}.Release|Any CPU.ActiveCfg = Release|Any CPU
		{C92C9990-2109-46BA-86C9-36197CE86772}.Release|Any CPU.Build.0 = Release|Any CPU
		{E1DE9C71-65D9-409B-A7DB-0AA0F833A5AC}.Debug|Any CPU.ActiveCfg = Debug|Any CPU
		{E1DE9C71-65D9-409B-A7DB-0AA0F833A5AC}.Debug|Any CPU.Build.0 = Debug|Any CPU
		{E1DE9C71-65D9-409B-A7DB-0AA0F833A5AC}.Release|Any CPU.ActiveCfg = Release|Any CPU
		{E1DE9C71-65D9-409B-A7DB-0AA0F833A5AC}.Release|Any CPU.Build.0 = Release|Any CPU
		{50A10561-78F5-4F7F-80CF-89FE656087F8}.Debug|Any CPU.ActiveCfg = Debug|Any CPU
		{50A10561-78F5-4F7F-80CF-89FE656087F8}.Debug|Any CPU.Build.0 = Debug|Any CPU
		{50A10561-78F5-4F7F-80CF-89FE656087F8}.Release|Any CPU.ActiveCfg = Release|Any CPU
		{50A10561-78F5-4F7F-80CF-89FE656087F8}.Release|Any CPU.Build.0 = Release|Any CPU
		{10A96112-4229-4D12-A24F-8B6E4EFFDFF6}.Debug|Any CPU.ActiveCfg = Debug|Any CPU
		{10A96112-4229-4D12-A24F-8B6E4EFFDFF6}.Debug|Any CPU.Build.0 = Debug|Any CPU
		{10A96112-4229-4D12-A24F-8B6E4EFFDFF6}.Release|Any CPU.ActiveCfg = Release|Any CPU
		{10A96112-4229-4D12-A24F-8B6E4EFFDFF6}.Release|Any CPU.Build.0 = Release|Any CPU
		{3DFF063E-F0F3-477D-A08E-DD2CE5D68CEB}.Debug|Any CPU.ActiveCfg = Debug|Any CPU
		{3DFF063E-F0F3-477D-A08E-DD2CE5D68CEB}.Debug|Any CPU.Build.0 = Debug|Any CPU
		{3DFF063E-F0F3-477D-A08E-DD2CE5D68CEB}.Release|Any CPU.ActiveCfg = Release|Any CPU
		{3DFF063E-F0F3-477D-A08E-DD2CE5D68CEB}.Release|Any CPU.Build.0 = Release|Any CPU
		{08DDAD42-5127-490B-8332-7896ACD168C5}.Debug|Any CPU.ActiveCfg = Debug|Any CPU
		{08DDAD42-5127-490B-8332-7896ACD168C5}.Debug|Any CPU.Build.0 = Debug|Any CPU
		{08DDAD42-5127-490B-8332-7896ACD168C5}.Release|Any CPU.ActiveCfg = Release|Any CPU
		{08DDAD42-5127-490B-8332-7896ACD168C5}.Release|Any CPU.Build.0 = Release|Any CPU
		{6F71307F-3E95-4F88-A1FA-29526896D92F}.Debug|Any CPU.ActiveCfg = Debug|Any CPU
		{6F71307F-3E95-4F88-A1FA-29526896D92F}.Debug|Any CPU.Build.0 = Debug|Any CPU
		{6F71307F-3E95-4F88-A1FA-29526896D92F}.Release|Any CPU.ActiveCfg = Release|Any CPU
		{6F71307F-3E95-4F88-A1FA-29526896D92F}.Release|Any CPU.Build.0 = Release|Any CPU
		{A6F75082-04B3-4CCC-9F83-059FE437F58D}.Debug|Any CPU.ActiveCfg = Debug|Any CPU
		{A6F75082-04B3-4CCC-9F83-059FE437F58D}.Debug|Any CPU.Build.0 = Debug|Any CPU
		{A6F75082-04B3-4CCC-9F83-059FE437F58D}.Release|Any CPU.ActiveCfg = Release|Any CPU
		{A6F75082-04B3-4CCC-9F83-059FE437F58D}.Release|Any CPU.Build.0 = Release|Any CPU
		{AA48297E-C1FB-4AF6-A2F0-83CA74776BE9}.Debug|Any CPU.ActiveCfg = Debug|Any CPU
		{AA48297E-C1FB-4AF6-A2F0-83CA74776BE9}.Debug|Any CPU.Build.0 = Debug|Any CPU
		{AA48297E-C1FB-4AF6-A2F0-83CA74776BE9}.Release|Any CPU.ActiveCfg = Release|Any CPU
		{AA48297E-C1FB-4AF6-A2F0-83CA74776BE9}.Release|Any CPU.Build.0 = Release|Any CPU
		{31D2A85B-6EC1-467B-9A2E-9E7272F7CE28}.Debug|Any CPU.ActiveCfg = Debug|Any CPU
		{31D2A85B-6EC1-467B-9A2E-9E7272F7CE28}.Debug|Any CPU.Build.0 = Debug|Any CPU
		{31D2A85B-6EC1-467B-9A2E-9E7272F7CE28}.Release|Any CPU.ActiveCfg = Release|Any CPU
		{31D2A85B-6EC1-467B-9A2E-9E7272F7CE28}.Release|Any CPU.Build.0 = Release|Any CPU
		{C8C031C0-2ADC-4436-8296-8E9A529F44EC}.Debug|Any CPU.ActiveCfg = Debug|Any CPU
		{C8C031C0-2ADC-4436-8296-8E9A529F44EC}.Debug|Any CPU.Build.0 = Debug|Any CPU
		{C8C031C0-2ADC-4436-8296-8E9A529F44EC}.Release|Any CPU.ActiveCfg = Release|Any CPU
		{C8C031C0-2ADC-4436-8296-8E9A529F44EC}.Release|Any CPU.Build.0 = Release|Any CPU
		{1D10B0E4-3C4B-4F31-8428-68A9BD0FC018}.Debug|Any CPU.ActiveCfg = Debug|Any CPU
		{1D10B0E4-3C4B-4F31-8428-68A9BD0FC018}.Debug|Any CPU.Build.0 = Debug|Any CPU
		{1D10B0E4-3C4B-4F31-8428-68A9BD0FC018}.Release|Any CPU.ActiveCfg = Release|Any CPU
		{1D10B0E4-3C4B-4F31-8428-68A9BD0FC018}.Release|Any CPU.Build.0 = Release|Any CPU
		{252450D5-192D-4CFD-8986-1056021E7039}.Debug|Any CPU.ActiveCfg = Debug|Any CPU
		{252450D5-192D-4CFD-8986-1056021E7039}.Debug|Any CPU.Build.0 = Debug|Any CPU
		{252450D5-192D-4CFD-8986-1056021E7039}.Release|Any CPU.ActiveCfg = Release|Any CPU
		{252450D5-192D-4CFD-8986-1056021E7039}.Release|Any CPU.Build.0 = Release|Any CPU
		{AA0A0402-255B-4C5A-9E47-AE23A4ABB95D}.Debug|Any CPU.ActiveCfg = Debug|Any CPU
		{AA0A0402-255B-4C5A-9E47-AE23A4ABB95D}.Debug|Any CPU.Build.0 = Debug|Any CPU
		{AA0A0402-255B-4C5A-9E47-AE23A4ABB95D}.Release|Any CPU.ActiveCfg = Release|Any CPU
		{AA0A0402-255B-4C5A-9E47-AE23A4ABB95D}.Release|Any CPU.Build.0 = Release|Any CPU
		{31C01B9C-F257-4271-9109-BD9B3EDB315E}.Debug|Any CPU.ActiveCfg = Debug|Any CPU
		{31C01B9C-F257-4271-9109-BD9B3EDB315E}.Debug|Any CPU.Build.0 = Debug|Any CPU
		{31C01B9C-F257-4271-9109-BD9B3EDB315E}.Release|Any CPU.ActiveCfg = Release|Any CPU
		{31C01B9C-F257-4271-9109-BD9B3EDB315E}.Release|Any CPU.Build.0 = Release|Any CPU
		{9952AC73-273B-44B1-8BA1-16EC70C0C41C}.Debug|Any CPU.ActiveCfg = Debug|Any CPU
		{9952AC73-273B-44B1-8BA1-16EC70C0C41C}.Debug|Any CPU.Build.0 = Debug|Any CPU
		{9952AC73-273B-44B1-8BA1-16EC70C0C41C}.Release|Any CPU.ActiveCfg = Release|Any CPU
		{9952AC73-273B-44B1-8BA1-16EC70C0C41C}.Release|Any CPU.Build.0 = Release|Any CPU
		{4E099C62-9481-4C80-A3D7-521B353C38A2}.Debug|Any CPU.ActiveCfg = Debug|Any CPU
		{4E099C62-9481-4C80-A3D7-521B353C38A2}.Debug|Any CPU.Build.0 = Debug|Any CPU
		{4E099C62-9481-4C80-A3D7-521B353C38A2}.Release|Any CPU.ActiveCfg = Release|Any CPU
		{4E099C62-9481-4C80-A3D7-521B353C38A2}.Release|Any CPU.Build.0 = Release|Any CPU
		{52B2BCD1-724F-42BC-BCF9-A34BFA98CB1E}.Debug|Any CPU.ActiveCfg = Debug|Any CPU
		{52B2BCD1-724F-42BC-BCF9-A34BFA98CB1E}.Debug|Any CPU.Build.0 = Debug|Any CPU
		{52B2BCD1-724F-42BC-BCF9-A34BFA98CB1E}.Release|Any CPU.ActiveCfg = Release|Any CPU
		{52B2BCD1-724F-42BC-BCF9-A34BFA98CB1E}.Release|Any CPU.Build.0 = Release|Any CPU
	EndGlobalSection
	GlobalSection(SolutionProperties) = preSolution
		HideSolutionNode = FALSE
	EndGlobalSection
	GlobalSection(ExtensibilityGlobals) = postSolution
		SolutionGuid = {34247F05-6899-4BAD-B4B4-87F8077BC329}
	EndGlobalSection
EndGlobal
